
Microsoft Visual Studio Solution File, Format Version 12.00
# Visual Studio Version 17
VisualStudioVersion = 17.11.35219.272
MinimumVisualStudioVersion = 10.0.40219.1
Project("{FAE04EC0-301F-11D3-BF4B-00C04F79EFBC}") = "API", "API\API.csproj", "{63C4F54C-8368-4550-A64D-58D074120C12}"
EndProject
Project("{FAE04EC0-301F-11D3-BF4B-00C04F79EFBC}") = "Application", "Application\Application.csproj", "{A8F4D0AE-1918-4560-B698-26B5489506FA}"
EndProject
Project("{FAE04EC0-301F-11D3-BF4B-00C04F79EFBC}") = "Communication", "Communication\Communication.csproj", "{7C56F741-791E-4E71-B96A-8861D411D1BF}"
EndProject
Project("{FAE04EC0-301F-11D3-BF4B-00C04F79EFBC}") = "Infrastructure", "Infrastructure\Infrastructure.csproj", "{A628D1C2-3983-4C50-A7A4-ECB64EEA7343}"
EndProject
Global
	GlobalSection(SolutionConfigurationPlatforms) = preSolution
		Debug|Any CPU = Debug|Any CPU
		Release|Any CPU = Release|Any CPU
	EndGlobalSection
	GlobalSection(ProjectConfigurationPlatforms) = postSolution
		{63C4F54C-8368-4550-A64D-58D074120C12}.Debug|Any CPU.ActiveCfg = Debug|Any CPU
		{63C4F54C-8368-4550-A64D-58D074120C12}.Debug|Any CPU.Build.0 = Debug|Any CPU
		{63C4F54C-8368-4550-A64D-58D074120C12}.Release|Any CPU.ActiveCfg = Release|Any CPU
		{63C4F54C-8368-4550-A64D-58D074120C12}.Release|Any CPU.Build.0 = Release|Any CPU
		{A8F4D0AE-1918-4560-B698-26B5489506FA}.Debug|Any CPU.ActiveCfg = Debug|Any CPU
		{A8F4D0AE-1918-4560-B698-26B5489506FA}.Debug|Any CPU.Build.0 = Debug|Any CPU
		{A8F4D0AE-1918-4560-B698-26B5489506FA}.Release|Any CPU.ActiveCfg = Release|Any CPU
		{A8F4D0AE-1918-4560-B698-26B5489506FA}.Release|Any CPU.Build.0 = Release|Any CPU
		{7C56F741-791E-4E71-B96A-8861D411D1BF}.Debug|Any CPU.ActiveCfg = Debug|Any CPU
		{7C56F741-791E-4E71-B96A-8861D411D1BF}.Debug|Any CPU.Build.0 = Debug|Any CPU
		{7C56F741-791E-4E71-B96A-8861D411D1BF}.Release|Any CPU.ActiveCfg = Release|Any CPU
		{7C56F741-791E-4E71-B96A-8861D411D1BF}.Release|Any CPU.Build.0 = Release|Any CPU
		{A628D1C2-3983-4C50-A7A4-ECB64EEA7343}.Debug|Any CPU.ActiveCfg = Debug|Any CPU
		{A628D1C2-3983-4C50-A7A4-ECB64EEA7343}.Debug|Any CPU.Build.0 = Debug|Any CPU
		{A628D1C2-3983-4C50-A7A4-ECB64EEA7343}.Release|Any CPU.ActiveCfg = Release|Any CPU
		{A628D1C2-3983-4C50-A7A4-ECB64EEA7343}.Release|Any CPU.Build.0 = Release|Any CPU
	EndGlobalSection
	GlobalSection(SolutionProperties) = preSolution
		HideSolutionNode = FALSE
	EndGlobalSection
	GlobalSection(ExtensibilityGlobals) = postSolution
		SolutionGuid = {A1ABFE47-2A20-4FB4-98F8-4FB6D7C30F8B}
	EndGlobalSection
EndGlobal
